// !$*UTF8*$!
{
	archiveVersion = 1;
	classes = {
	};
	objectVersion = 50;
	objects = {

/* Begin PBXBuildFile section */
		1FEAAEAF9AB073A9C70A6D87 /* Pods_ReduxExampleTests.framework in Frameworks */ = {isa = PBXBuildFile; fileRef = 92FF1EEB6EA21811EDD007BB /* Pods_ReduxExampleTests.framework */; };
		4B604BB13D6A70C4E36A8FCA /* Pods_ReduxExample.framework in Frameworks */ = {isa = PBXBuildFile; fileRef = 577C95FA9A5309ED0FA437D6 /* Pods_ReduxExample.framework */; };
		E5387C5823E93D250073C0D1 /* Action.swift in Sources */ = {isa = PBXBuildFile; fileRef = E5387C5723E93D250073C0D1 /* Action.swift */; };
		E54D2EF023F17AA2004FB8EC /* CounterViewModel.swift in Sources */ = {isa = PBXBuildFile; fileRef = E54D2EEF23F17AA2004FB8EC /* CounterViewModel.swift */; };
		E56B847023F17362009646E3 /* CounterViewController.swift in Sources */ = {isa = PBXBuildFile; fileRef = E56B846F23F17362009646E3 /* CounterViewController.swift */; };
		E56FE1E223F25D6A0029E9C7 /* CounterStateMutator.swift in Sources */ = {isa = PBXBuildFile; fileRef = E56FE1E123F25D6A0029E9C7 /* CounterStateMutator.swift */; };
		E58C460223E43F22002EF05E /* README_First.swift in Sources */ = {isa = PBXBuildFile; fileRef = E58C460123E43F22002EF05E /* README_First.swift */; };
		E58C460423E4407E002EF05E /* TemplateAction.swift in Sources */ = {isa = PBXBuildFile; fileRef = E58C460323E4407E002EF05E /* TemplateAction.swift */; };
		E58C460623E4419B002EF05E /* README_Template.swift in Sources */ = {isa = PBXBuildFile; fileRef = E58C460523E4419B002EF05E /* README_Template.swift */; };
		E58C460823E4428B002EF05E /* TemplateState.swift in Sources */ = {isa = PBXBuildFile; fileRef = E58C460723E4428B002EF05E /* TemplateState.swift */; };
		E58C460A23E444B1002EF05E /* TemplateDataStore.swift in Sources */ = {isa = PBXBuildFile; fileRef = E58C460923E444B1002EF05E /* TemplateDataStore.swift */; };
		E58C460C23E4474C002EF05E /* TemplateMiddlewares.swift in Sources */ = {isa = PBXBuildFile; fileRef = E58C460B23E4474C002EF05E /* TemplateMiddlewares.swift */; };
		E5E5463223E3F74800286C95 /* ExampleUsage.swift in Sources */ = {isa = PBXBuildFile; fileRef = E5E5463123E3F74800286C95 /* ExampleUsage.swift */; };
		E5E5463423E3F7A700286C95 /* DataStore.swift in Sources */ = {isa = PBXBuildFile; fileRef = E5E5463323E3F7A700286C95 /* DataStore.swift */; };
		E5E5463623E3F7D400286C95 /* CounterDataStore.swift in Sources */ = {isa = PBXBuildFile; fileRef = E5E5463523E3F7D400286C95 /* CounterDataStore.swift */; };
		E5E5463823E3F82100286C95 /* CounterState.swift in Sources */ = {isa = PBXBuildFile; fileRef = E5E5463723E3F82100286C95 /* CounterState.swift */; };
		E5E5463C23E4032200286C95 /* Middleware.swift in Sources */ = {isa = PBXBuildFile; fileRef = E5E5463B23E4032200286C95 /* Middleware.swift */; };
		E5E5463E23E4034200286C95 /* ExampleMiddlewares.swift in Sources */ = {isa = PBXBuildFile; fileRef = E5E5463D23E4034200286C95 /* ExampleMiddlewares.swift */; };
		E5EBC26123E9828C004B3F22 /* ObservableType+Extensions.swift in Sources */ = {isa = PBXBuildFile; fileRef = E5EBC26023E9828C004B3F22 /* ObservableType+Extensions.swift */; };
		E5F0CAAA23E2A7E2004738D3 /* AppDelegate.swift in Sources */ = {isa = PBXBuildFile; fileRef = E5F0CAA923E2A7E2004738D3 /* AppDelegate.swift */; };
		E5F0CAB023E2A7E3004738D3 /* Assets.xcassets in Resources */ = {isa = PBXBuildFile; fileRef = E5F0CAAF23E2A7E3004738D3 /* Assets.xcassets */; };
		E5F0CAB323E2A7E3004738D3 /* Preview Assets.xcassets in Resources */ = {isa = PBXBuildFile; fileRef = E5F0CAB223E2A7E3004738D3 /* Preview Assets.xcassets */; };
		E5F0CAC123E2A7E3004738D3 /* ReduxExampleTests.swift in Sources */ = {isa = PBXBuildFile; fileRef = E5F0CAC023E2A7E3004738D3 /* ReduxExampleTests.swift */; };
		E5F0CAD623E2C386004738D3 /* CounterAction.swift in Sources */ = {isa = PBXBuildFile; fileRef = E5F0CAD523E2C386004738D3 /* CounterAction.swift */; };
/* End PBXBuildFile section */

/* Begin PBXContainerItemProxy section */
		E5F0CABD23E2A7E3004738D3 /* PBXContainerItemProxy */ = {
			isa = PBXContainerItemProxy;
			containerPortal = E5F0CA9E23E2A7E2004738D3 /* Project object */;
			proxyType = 1;
			remoteGlobalIDString = E5F0CAA523E2A7E2004738D3;
			remoteInfo = ReduxExample;
		};
/* End PBXContainerItemProxy section */

/* Begin PBXFileReference section */
		01776984BDECE16D69BDAB93 /* Pods-ReduxExampleTests.debug.xcconfig */ = {isa = PBXFileReference; includeInIndex = 1; lastKnownFileType = text.xcconfig; name = "Pods-ReduxExampleTests.debug.xcconfig"; path = "Pods/Target Support Files/Pods-ReduxExampleTests/Pods-ReduxExampleTests.debug.xcconfig"; sourceTree = "<group>"; };
		098DB66174BB59E97D0DF533 /* Pods-ReduxExample.debug.xcconfig */ = {isa = PBXFileReference; includeInIndex = 1; lastKnownFileType = text.xcconfig; name = "Pods-ReduxExample.debug.xcconfig"; path = "Pods/Target Support Files/Pods-ReduxExample/Pods-ReduxExample.debug.xcconfig"; sourceTree = "<group>"; };
		512F8D747857752805A4D443 /* Pods-ReduxExampleTests.release.xcconfig */ = {isa = PBXFileReference; includeInIndex = 1; lastKnownFileType = text.xcconfig; name = "Pods-ReduxExampleTests.release.xcconfig"; path = "Pods/Target Support Files/Pods-ReduxExampleTests/Pods-ReduxExampleTests.release.xcconfig"; sourceTree = "<group>"; };
		577C95FA9A5309ED0FA437D6 /* Pods_ReduxExample.framework */ = {isa = PBXFileReference; explicitFileType = wrapper.framework; includeInIndex = 0; path = Pods_ReduxExample.framework; sourceTree = BUILT_PRODUCTS_DIR; };
		92FF1EEB6EA21811EDD007BB /* Pods_ReduxExampleTests.framework */ = {isa = PBXFileReference; explicitFileType = wrapper.framework; includeInIndex = 0; path = Pods_ReduxExampleTests.framework; sourceTree = BUILT_PRODUCTS_DIR; };
		E5387C5723E93D250073C0D1 /* Action.swift */ = {isa = PBXFileReference; fileEncoding = 4; lastKnownFileType = sourcecode.swift; path = Action.swift; sourceTree = "<group>"; };
		E54D2EEF23F17AA2004FB8EC /* CounterViewModel.swift */ = {isa = PBXFileReference; lastKnownFileType = sourcecode.swift; path = CounterViewModel.swift; sourceTree = "<group>"; };
		E56B846F23F17362009646E3 /* CounterViewController.swift */ = {isa = PBXFileReference; lastKnownFileType = sourcecode.swift; path = CounterViewController.swift; sourceTree = "<group>"; };
		E56FE1E123F25D6A0029E9C7 /* CounterStateMutator.swift */ = {isa = PBXFileReference; lastKnownFileType = sourcecode.swift; path = CounterStateMutator.swift; sourceTree = "<group>"; };
		E58C460123E43F22002EF05E /* README_First.swift */ = {isa = PBXFileReference; lastKnownFileType = sourcecode.swift; path = README_First.swift; sourceTree = "<group>"; };
		E58C460323E4407E002EF05E /* TemplateAction.swift */ = {isa = PBXFileReference; lastKnownFileType = sourcecode.swift; path = TemplateAction.swift; sourceTree = "<group>"; };
		E58C460523E4419B002EF05E /* README_Template.swift */ = {isa = PBXFileReference; lastKnownFileType = sourcecode.swift; path = README_Template.swift; sourceTree = "<group>"; };
		E58C460723E4428B002EF05E /* TemplateState.swift */ = {isa = PBXFileReference; lastKnownFileType = sourcecode.swift; path = TemplateState.swift; sourceTree = "<group>"; };
		E58C460923E444B1002EF05E /* TemplateDataStore.swift */ = {isa = PBXFileReference; lastKnownFileType = sourcecode.swift; path = TemplateDataStore.swift; sourceTree = "<group>"; };
		E58C460B23E4474C002EF05E /* TemplateMiddlewares.swift */ = {isa = PBXFileReference; lastKnownFileType = sourcecode.swift; path = TemplateMiddlewares.swift; sourceTree = "<group>"; };
		E5E5463123E3F74800286C95 /* ExampleUsage.swift */ = {isa = PBXFileReference; lastKnownFileType = sourcecode.swift; path = ExampleUsage.swift; sourceTree = "<group>"; };
		E5E5463323E3F7A700286C95 /* DataStore.swift */ = {isa = PBXFileReference; lastKnownFileType = sourcecode.swift; path = DataStore.swift; sourceTree = "<group>"; };
		E5E5463523E3F7D400286C95 /* CounterDataStore.swift */ = {isa = PBXFileReference; lastKnownFileType = sourcecode.swift; path = CounterDataStore.swift; sourceTree = "<group>"; };
		E5E5463723E3F82100286C95 /* CounterState.swift */ = {isa = PBXFileReference; lastKnownFileType = sourcecode.swift; path = CounterState.swift; sourceTree = "<group>"; };
		E5E5463B23E4032200286C95 /* Middleware.swift */ = {isa = PBXFileReference; lastKnownFileType = sourcecode.swift; path = Middleware.swift; sourceTree = "<group>"; };
		E5E5463D23E4034200286C95 /* ExampleMiddlewares.swift */ = {isa = PBXFileReference; lastKnownFileType = sourcecode.swift; path = ExampleMiddlewares.swift; sourceTree = "<group>"; };
		E5EBC26023E9828C004B3F22 /* ObservableType+Extensions.swift */ = {isa = PBXFileReference; lastKnownFileType = sourcecode.swift; path = "ObservableType+Extensions.swift"; sourceTree = "<group>"; };
		E5F0CAA623E2A7E2004738D3 /* ReduxExample.app */ = {isa = PBXFileReference; explicitFileType = wrapper.application; includeInIndex = 0; path = ReduxExample.app; sourceTree = BUILT_PRODUCTS_DIR; };
		E5F0CAA923E2A7E2004738D3 /* AppDelegate.swift */ = {isa = PBXFileReference; lastKnownFileType = sourcecode.swift; path = AppDelegate.swift; sourceTree = "<group>"; };
		E5F0CAAF23E2A7E3004738D3 /* Assets.xcassets */ = {isa = PBXFileReference; lastKnownFileType = folder.assetcatalog; path = Assets.xcassets; sourceTree = "<group>"; };
		E5F0CAB223E2A7E3004738D3 /* Preview Assets.xcassets */ = {isa = PBXFileReference; lastKnownFileType = folder.assetcatalog; path = "Preview Assets.xcassets"; sourceTree = "<group>"; };
		E5F0CAB723E2A7E3004738D3 /* Info.plist */ = {isa = PBXFileReference; lastKnownFileType = text.plist.xml; path = Info.plist; sourceTree = "<group>"; };
		E5F0CABC23E2A7E3004738D3 /* ReduxExampleTests.xctest */ = {isa = PBXFileReference; explicitFileType = wrapper.cfbundle; includeInIndex = 0; path = ReduxExampleTests.xctest; sourceTree = BUILT_PRODUCTS_DIR; };
		E5F0CAC023E2A7E3004738D3 /* ReduxExampleTests.swift */ = {isa = PBXFileReference; lastKnownFileType = sourcecode.swift; path = ReduxExampleTests.swift; sourceTree = "<group>"; };
		E5F0CAC223E2A7E3004738D3 /* Info.plist */ = {isa = PBXFileReference; lastKnownFileType = text.plist.xml; path = Info.plist; sourceTree = "<group>"; };
		E5F0CAD523E2C386004738D3 /* CounterAction.swift */ = {isa = PBXFileReference; lastKnownFileType = sourcecode.swift; path = CounterAction.swift; sourceTree = "<group>"; };
		EBFA7440E09D72A5D739D565 /* Pods-ReduxExample.release.xcconfig */ = {isa = PBXFileReference; includeInIndex = 1; lastKnownFileType = text.xcconfig; name = "Pods-ReduxExample.release.xcconfig"; path = "Pods/Target Support Files/Pods-ReduxExample/Pods-ReduxExample.release.xcconfig"; sourceTree = "<group>"; };
/* End PBXFileReference section */

/* Begin PBXFrameworksBuildPhase section */
		E5F0CAA323E2A7E2004738D3 /* Frameworks */ = {
			isa = PBXFrameworksBuildPhase;
			buildActionMask = 2147483647;
			files = (
				4B604BB13D6A70C4E36A8FCA /* Pods_ReduxExample.framework in Frameworks */,
			);
			runOnlyForDeploymentPostprocessing = 0;
		};
		E5F0CAB923E2A7E3004738D3 /* Frameworks */ = {
			isa = PBXFrameworksBuildPhase;
			buildActionMask = 2147483647;
			files = (
				1FEAAEAF9AB073A9C70A6D87 /* Pods_ReduxExampleTests.framework in Frameworks */,
			);
			runOnlyForDeploymentPostprocessing = 0;
		};
/* End PBXFrameworksBuildPhase section */

/* Begin PBXGroup section */
		0C227E93B0F1B63CAF7B6908 /* Pods */ = {
			isa = PBXGroup;
			children = (
				098DB66174BB59E97D0DF533 /* Pods-ReduxExample.debug.xcconfig */,
				EBFA7440E09D72A5D739D565 /* Pods-ReduxExample.release.xcconfig */,
				01776984BDECE16D69BDAB93 /* Pods-ReduxExampleTests.debug.xcconfig */,
				512F8D747857752805A4D443 /* Pods-ReduxExampleTests.release.xcconfig */,
			);
			name = Pods;
			sourceTree = "<group>";
		};
		4D4C1424AF0ADB13E4694759 /* Frameworks */ = {
			isa = PBXGroup;
			children = (
				577C95FA9A5309ED0FA437D6 /* Pods_ReduxExample.framework */,
				92FF1EEB6EA21811EDD007BB /* Pods_ReduxExampleTests.framework */,
			);
			name = Frameworks;
			sourceTree = "<group>";
		};
		E5F0CA9D23E2A7E2004738D3 = {
			isa = PBXGroup;
			children = (
				E5F0CAA823E2A7E2004738D3 /* ReduxExample */,
				E5F0CABF23E2A7E3004738D3 /* ReduxExampleTests */,
				E5F0CAA723E2A7E2004738D3 /* Products */,
				0C227E93B0F1B63CAF7B6908 /* Pods */,
				4D4C1424AF0ADB13E4694759 /* Frameworks */,
			);
			sourceTree = "<group>";
		};
		E5F0CAA723E2A7E2004738D3 /* Products */ = {
			isa = PBXGroup;
			children = (
				E5F0CAA623E2A7E2004738D3 /* ReduxExample.app */,
				E5F0CABC23E2A7E3004738D3 /* ReduxExampleTests.xctest */,
			);
			name = Products;
			sourceTree = "<group>";
		};
		E5F0CAA823E2A7E2004738D3 /* ReduxExample */ = {
			isa = PBXGroup;
			children = (
				E5F0CACD23E2C2F4004738D3 /* Redux */,
				E5F0CAA923E2A7E2004738D3 /* AppDelegate.swift */,
				E56B846F23F17362009646E3 /* CounterViewController.swift */,
				E54D2EEF23F17AA2004FB8EC /* CounterViewModel.swift */,
				E5F0CAAF23E2A7E3004738D3 /* Assets.xcassets */,
				E5F0CAB723E2A7E3004738D3 /* Info.plist */,
				E5F0CAB123E2A7E3004738D3 /* Preview Content */,
			);
			path = ReduxExample;
			sourceTree = "<group>";
		};
		E5F0CAB123E2A7E3004738D3 /* Preview Content */ = {
			isa = PBXGroup;
			children = (
				E5F0CAB223E2A7E3004738D3 /* Preview Assets.xcassets */,
			);
			path = "Preview Content";
			sourceTree = "<group>";
		};
		E5F0CABF23E2A7E3004738D3 /* ReduxExampleTests */ = {
			isa = PBXGroup;
			children = (
				E5F0CAC023E2A7E3004738D3 /* ReduxExampleTests.swift */,
				E5F0CAC223E2A7E3004738D3 /* Info.plist */,
			);
			path = ReduxExampleTests;
			sourceTree = "<group>";
		};
		E5F0CACD23E2C2F4004738D3 /* Redux */ = {
			isa = PBXGroup;
			children = (
				E58C460123E43F22002EF05E /* README_First.swift */,
				E5F0CAD223E2C33B004738D3 /* Example */,
				E5F0CAD123E2C32F004738D3 /* Template */,
				E5F0CAD023E2C325004738D3 /* Core */,
			);
			path = Redux;
			sourceTree = "<group>";
		};
		E5F0CAD023E2C325004738D3 /* Core */ = {
			isa = PBXGroup;
			children = (
				E5387C5723E93D250073C0D1 /* Action.swift */,
				E5E5463323E3F7A700286C95 /* DataStore.swift */,
				E5E5463B23E4032200286C95 /* Middleware.swift */,
				E5EBC26023E9828C004B3F22 /* ObservableType+Extensions.swift */,
			);
			path = Core;
			sourceTree = "<group>";
		};
		E5F0CAD123E2C32F004738D3 /* Template */ = {
			isa = PBXGroup;
			children = (
				E58C460723E4428B002EF05E /* TemplateState.swift */,
				E58C460323E4407E002EF05E /* TemplateAction.swift */,
				E58C460923E444B1002EF05E /* TemplateDataStore.swift */,
				E58C460B23E4474C002EF05E /* TemplateMiddlewares.swift */,
				E58C460523E4419B002EF05E /* README_Template.swift */,
			);
			path = Template;
			sourceTree = "<group>";
		};
		E5F0CAD223E2C33B004738D3 /* Example */ = {
			isa = PBXGroup;
			children = (
				E5F0CAD523E2C386004738D3 /* CounterAction.swift */,
				E5E5463523E3F7D400286C95 /* CounterDataStore.swift */,
				E56FE1E123F25D6A0029E9C7 /* CounterStateMutator.swift */,
				E5E5463723E3F82100286C95 /* CounterState.swift */,
				E5E5463123E3F74800286C95 /* ExampleUsage.swift */,
				E5E5463D23E4034200286C95 /* ExampleMiddlewares.swift */,
			);
			path = Example;
			sourceTree = "<group>";
		};
/* End PBXGroup section */

/* Begin PBXNativeTarget section */
		E5F0CAA523E2A7E2004738D3 /* ReduxExample */ = {
			isa = PBXNativeTarget;
			buildConfigurationList = E5F0CAC523E2A7E3004738D3 /* Build configuration list for PBXNativeTarget "ReduxExample" */;
			buildPhases = (
				C276154A0E78C23A2F89F9DF /* [CP] Check Pods Manifest.lock */,
				E5F0CAA223E2A7E2004738D3 /* Sources */,
				E5F0CAA323E2A7E2004738D3 /* Frameworks */,
				E5F0CAA423E2A7E2004738D3 /* Resources */,
				73B626182C32EF161C1CF668 /* [CP] Embed Pods Frameworks */,
			);
			buildRules = (
			);
			dependencies = (
			);
			name = ReduxExample;
			productName = ReduxExample;
			productReference = E5F0CAA623E2A7E2004738D3 /* ReduxExample.app */;
			productType = "com.apple.product-type.application";
		};
		E5F0CABB23E2A7E3004738D3 /* ReduxExampleTests */ = {
			isa = PBXNativeTarget;
			buildConfigurationList = E5F0CAC823E2A7E3004738D3 /* Build configuration list for PBXNativeTarget "ReduxExampleTests" */;
			buildPhases = (
				82CB345ACC15D4D489957402 /* [CP] Check Pods Manifest.lock */,
				E5F0CAB823E2A7E3004738D3 /* Sources */,
				E5F0CAB923E2A7E3004738D3 /* Frameworks */,
				E5F0CABA23E2A7E3004738D3 /* Resources */,
			);
			buildRules = (
			);
			dependencies = (
				E5F0CABE23E2A7E3004738D3 /* PBXTargetDependency */,
			);
			name = ReduxExampleTests;
			productName = ReduxExampleTests;
			productReference = E5F0CABC23E2A7E3004738D3 /* ReduxExampleTests.xctest */;
			productType = "com.apple.product-type.bundle.unit-test";
		};
/* End PBXNativeTarget section */

/* Begin PBXProject section */
		E5F0CA9E23E2A7E2004738D3 /* Project object */ = {
			isa = PBXProject;
			attributes = {
				LastSwiftUpdateCheck = 1120;
				LastUpgradeCheck = 1120;
				ORGANIZATIONNAME = Tokopedia;
				TargetAttributes = {
					E5F0CAA523E2A7E2004738D3 = {
						CreatedOnToolsVersion = 11.2;
					};
					E5F0CABB23E2A7E3004738D3 = {
						CreatedOnToolsVersion = 11.2;
						TestTargetID = E5F0CAA523E2A7E2004738D3;
					};
				};
			};
			buildConfigurationList = E5F0CAA123E2A7E2004738D3 /* Build configuration list for PBXProject "ReduxExample" */;
			compatibilityVersion = "Xcode 9.3";
			developmentRegion = en;
			hasScannedForEncodings = 0;
			knownRegions = (
				en,
				Base,
			);
			mainGroup = E5F0CA9D23E2A7E2004738D3;
			productRefGroup = E5F0CAA723E2A7E2004738D3 /* Products */;
			projectDirPath = "";
			projectRoot = "";
			targets = (
				E5F0CAA523E2A7E2004738D3 /* ReduxExample */,
				E5F0CABB23E2A7E3004738D3 /* ReduxExampleTests */,
			);
		};
/* End PBXProject section */

/* Begin PBXResourcesBuildPhase section */
		E5F0CAA423E2A7E2004738D3 /* Resources */ = {
			isa = PBXResourcesBuildPhase;
			buildActionMask = 2147483647;
			files = (
				E5F0CAB323E2A7E3004738D3 /* Preview Assets.xcassets in Resources */,
				E5F0CAB023E2A7E3004738D3 /* Assets.xcassets in Resources */,
			);
			runOnlyForDeploymentPostprocessing = 0;
		};
		E5F0CABA23E2A7E3004738D3 /* Resources */ = {
			isa = PBXResourcesBuildPhase;
			buildActionMask = 2147483647;
			files = (
			);
			runOnlyForDeploymentPostprocessing = 0;
		};
/* End PBXResourcesBuildPhase section */

/* Begin PBXShellScriptBuildPhase section */
		73B626182C32EF161C1CF668 /* [CP] Embed Pods Frameworks */ = {
			isa = PBXShellScriptBuildPhase;
			buildActionMask = 2147483647;
			files = (
			);
			inputFileListPaths = (
			);
			inputPaths = (
				"${SRCROOT}/Pods/Target Support Files/Pods-ReduxExample/Pods-ReduxExample-frameworks.sh",
				"${BUILT_PRODUCTS_DIR}/RxCocoa/RxCocoa.framework",
				"${BUILT_PRODUCTS_DIR}/RxSwift/RxSwift.framework",
			);
			name = "[CP] Embed Pods Frameworks";
			outputFileListPaths = (
			);
			outputPaths = (
				"${TARGET_BUILD_DIR}/${FRAMEWORKS_FOLDER_PATH}/RxCocoa.framework",
				"${TARGET_BUILD_DIR}/${FRAMEWORKS_FOLDER_PATH}/RxSwift.framework",
			);
			runOnlyForDeploymentPostprocessing = 0;
			shellPath = /bin/sh;
			shellScript = "\"${SRCROOT}/Pods/Target Support Files/Pods-ReduxExample/Pods-ReduxExample-frameworks.sh\"\n";
			showEnvVarsInLog = 0;
		};
		82CB345ACC15D4D489957402 /* [CP] Check Pods Manifest.lock */ = {
			isa = PBXShellScriptBuildPhase;
			buildActionMask = 2147483647;
			files = (
			);
			inputFileListPaths = (
			);
			inputPaths = (
				"${PODS_PODFILE_DIR_PATH}/Podfile.lock",
				"${PODS_ROOT}/Manifest.lock",
			);
			name = "[CP] Check Pods Manifest.lock";
			outputFileListPaths = (
			);
			outputPaths = (
				"$(DERIVED_FILE_DIR)/Pods-ReduxExampleTests-checkManifestLockResult.txt",
			);
			runOnlyForDeploymentPostprocessing = 0;
			shellPath = /bin/sh;
			shellScript = "diff \"${PODS_PODFILE_DIR_PATH}/Podfile.lock\" \"${PODS_ROOT}/Manifest.lock\" > /dev/null\nif [ $? != 0 ] ; then\n    # print error to STDERR\n    echo \"error: The sandbox is not in sync with the Podfile.lock. Run 'pod install' or update your CocoaPods installation.\" >&2\n    exit 1\nfi\n# This output is used by Xcode 'outputs' to avoid re-running this script phase.\necho \"SUCCESS\" > \"${SCRIPT_OUTPUT_FILE_0}\"\n";
			showEnvVarsInLog = 0;
		};
		C276154A0E78C23A2F89F9DF /* [CP] Check Pods Manifest.lock */ = {
			isa = PBXShellScriptBuildPhase;
			buildActionMask = 2147483647;
			files = (
			);
			inputFileListPaths = (
			);
			inputPaths = (
				"${PODS_PODFILE_DIR_PATH}/Podfile.lock",
				"${PODS_ROOT}/Manifest.lock",
			);
			name = "[CP] Check Pods Manifest.lock";
			outputFileListPaths = (
			);
			outputPaths = (
				"$(DERIVED_FILE_DIR)/Pods-ReduxExample-checkManifestLockResult.txt",
			);
			runOnlyForDeploymentPostprocessing = 0;
			shellPath = /bin/sh;
			shellScript = "diff \"${PODS_PODFILE_DIR_PATH}/Podfile.lock\" \"${PODS_ROOT}/Manifest.lock\" > /dev/null\nif [ $? != 0 ] ; then\n    # print error to STDERR\n    echo \"error: The sandbox is not in sync with the Podfile.lock. Run 'pod install' or update your CocoaPods installation.\" >&2\n    exit 1\nfi\n# This output is used by Xcode 'outputs' to avoid re-running this script phase.\necho \"SUCCESS\" > \"${SCRIPT_OUTPUT_FILE_0}\"\n";
			showEnvVarsInLog = 0;
		};
/* End PBXShellScriptBuildPhase section */

/* Begin PBXSourcesBuildPhase section */
		E5F0CAA223E2A7E2004738D3 /* Sources */ = {
			isa = PBXSourcesBuildPhase;
			buildActionMask = 2147483647;
			files = (
				E5F0CAAA23E2A7E2004738D3 /* AppDelegate.swift in Sources */,
				E58C460223E43F22002EF05E /* README_First.swift in Sources */,
				E58C460423E4407E002EF05E /* TemplateAction.swift in Sources */,
				E56B847023F17362009646E3 /* CounterViewController.swift in Sources */,
				E5E5463423E3F7A700286C95 /* DataStore.swift in Sources */,
				E58C460C23E4474C002EF05E /* TemplateMiddlewares.swift in Sources */,
				E5E5463823E3F82100286C95 /* CounterState.swift in Sources */,
				E5F0CAD623E2C386004738D3 /* CounterAction.swift in Sources */,
				E5387C5823E93D250073C0D1 /* Action.swift in Sources */,
				E58C460623E4419B002EF05E /* README_Template.swift in Sources */,
				E5EBC26123E9828C004B3F22 /* ObservableType+Extensions.swift in Sources */,
				E54D2EF023F17AA2004FB8EC /* CounterViewModel.swift in Sources */,
				E56FE1E223F25D6A0029E9C7 /* CounterStateMutator.swift in Sources */,
				E58C460823E4428B002EF05E /* TemplateState.swift in Sources */,
				E5E5463E23E4034200286C95 /* ExampleMiddlewares.swift in Sources */,
				E5E5463C23E4032200286C95 /* Middleware.swift in Sources */,
				E5E5463223E3F74800286C95 /* ExampleUsage.swift in Sources */,
				E5E5463623E3F7D400286C95 /* CounterDataStore.swift in Sources */,
				E58C460A23E444B1002EF05E /* TemplateDataStore.swift in Sources */,
			);
			runOnlyForDeploymentPostprocessing = 0;
		};
		E5F0CAB823E2A7E3004738D3 /* Sources */ = {
			isa = PBXSourcesBuildPhase;
			buildActionMask = 2147483647;
			files = (
				E5F0CAC123E2A7E3004738D3 /* ReduxExampleTests.swift in Sources */,
			);
			runOnlyForDeploymentPostprocessing = 0;
		};
/* End PBXSourcesBuildPhase section */

/* Begin PBXTargetDependency section */
		E5F0CABE23E2A7E3004738D3 /* PBXTargetDependency */ = {
			isa = PBXTargetDependency;
			target = E5F0CAA523E2A7E2004738D3 /* ReduxExample */;
			targetProxy = E5F0CABD23E2A7E3004738D3 /* PBXContainerItemProxy */;
		};
/* End PBXTargetDependency section */

/* Begin XCBuildConfiguration section */
		E5F0CAC323E2A7E3004738D3 /* Debug */ = {
			isa = XCBuildConfiguration;
			buildSettings = {
				ALWAYS_SEARCH_USER_PATHS = NO;
				CLANG_ANALYZER_NONNULL = YES;
				CLANG_ANALYZER_NUMBER_OBJECT_CONVERSION = YES_AGGRESSIVE;
				CLANG_CXX_LANGUAGE_STANDARD = "gnu++14";
				CLANG_CXX_LIBRARY = "libc++";
				CLANG_ENABLE_MODULES = YES;
				CLANG_ENABLE_OBJC_ARC = YES;
				CLANG_ENABLE_OBJC_WEAK = YES;
				CLANG_WARN_BLOCK_CAPTURE_AUTORELEASING = YES;
				CLANG_WARN_BOOL_CONVERSION = YES;
				CLANG_WARN_COMMA = YES;
				CLANG_WARN_CONSTANT_CONVERSION = YES;
				CLANG_WARN_DEPRECATED_OBJC_IMPLEMENTATIONS = YES;
				CLANG_WARN_DIRECT_OBJC_ISA_USAGE = YES_ERROR;
				CLANG_WARN_DOCUMENTATION_COMMENTS = YES;
				CLANG_WARN_EMPTY_BODY = YES;
				CLANG_WARN_ENUM_CONVERSION = YES;
				CLANG_WARN_INFINITE_RECURSION = YES;
				CLANG_WARN_INT_CONVERSION = YES;
				CLANG_WARN_NON_LITERAL_NULL_CONVERSION = YES;
				CLANG_WARN_OBJC_IMPLICIT_RETAIN_SELF = YES;
				CLANG_WARN_OBJC_LITERAL_CONVERSION = YES;
				CLANG_WARN_OBJC_ROOT_CLASS = YES_ERROR;
				CLANG_WARN_RANGE_LOOP_ANALYSIS = YES;
				CLANG_WARN_STRICT_PROTOTYPES = YES;
				CLANG_WARN_SUSPICIOUS_MOVE = YES;
				CLANG_WARN_UNGUARDED_AVAILABILITY = YES_AGGRESSIVE;
				CLANG_WARN_UNREACHABLE_CODE = YES;
				CLANG_WARN__DUPLICATE_METHOD_MATCH = YES;
				COPY_PHASE_STRIP = NO;
				DEBUG_INFORMATION_FORMAT = dwarf;
				ENABLE_STRICT_OBJC_MSGSEND = YES;
				ENABLE_TESTABILITY = YES;
				GCC_C_LANGUAGE_STANDARD = gnu11;
				GCC_DYNAMIC_NO_PIC = NO;
				GCC_NO_COMMON_BLOCKS = YES;
				GCC_OPTIMIZATION_LEVEL = 0;
				GCC_PREPROCESSOR_DEFINITIONS = (
					"DEBUG=1",
					"$(inherited)",
				);
				GCC_WARN_64_TO_32_BIT_CONVERSION = YES;
				GCC_WARN_ABOUT_RETURN_TYPE = YES_ERROR;
				GCC_WARN_UNDECLARED_SELECTOR = YES;
				GCC_WARN_UNINITIALIZED_AUTOS = YES_AGGRESSIVE;
				GCC_WARN_UNUSED_FUNCTION = YES;
				GCC_WARN_UNUSED_VARIABLE = YES;
				IPHONEOS_DEPLOYMENT_TARGET = 13.2;
				MTL_ENABLE_DEBUG_INFO = INCLUDE_SOURCE;
				MTL_FAST_MATH = YES;
				ONLY_ACTIVE_ARCH = YES;
				SDKROOT = iphoneos;
				SWIFT_ACTIVE_COMPILATION_CONDITIONS = DEBUG;
				SWIFT_OPTIMIZATION_LEVEL = "-Onone";
			};
			name = Debug;
		};
		E5F0CAC423E2A7E3004738D3 /* Release */ = {
			isa = XCBuildConfiguration;
			buildSettings = {
				ALWAYS_SEARCH_USER_PATHS = NO;
				CLANG_ANALYZER_NONNULL = YES;
				CLANG_ANALYZER_NUMBER_OBJECT_CONVERSION = YES_AGGRESSIVE;
				CLANG_CXX_LANGUAGE_STANDARD = "gnu++14";
				CLANG_CXX_LIBRARY = "libc++";
				CLANG_ENABLE_MODULES = YES;
				CLANG_ENABLE_OBJC_ARC = YES;
				CLANG_ENABLE_OBJC_WEAK = YES;
				CLANG_WARN_BLOCK_CAPTURE_AUTORELEASING = YES;
				CLANG_WARN_BOOL_CONVERSION = YES;
				CLANG_WARN_COMMA = YES;
				CLANG_WARN_CONSTANT_CONVERSION = YES;
				CLANG_WARN_DEPRECATED_OBJC_IMPLEMENTATIONS = YES;
				CLANG_WARN_DIRECT_OBJC_ISA_USAGE = YES_ERROR;
				CLANG_WARN_DOCUMENTATION_COMMENTS = YES;
				CLANG_WARN_EMPTY_BODY = YES;
				CLANG_WARN_ENUM_CONVERSION = YES;
				CLANG_WARN_INFINITE_RECURSION = YES;
				CLANG_WARN_INT_CONVERSION = YES;
				CLANG_WARN_NON_LITERAL_NULL_CONVERSION = YES;
				CLANG_WARN_OBJC_IMPLICIT_RETAIN_SELF = YES;
				CLANG_WARN_OBJC_LITERAL_CONVERSION = YES;
				CLANG_WARN_OBJC_ROOT_CLASS = YES_ERROR;
				CLANG_WARN_RANGE_LOOP_ANALYSIS = YES;
				CLANG_WARN_STRICT_PROTOTYPES = YES;
				CLANG_WARN_SUSPICIOUS_MOVE = YES;
				CLANG_WARN_UNGUARDED_AVAILABILITY = YES_AGGRESSIVE;
				CLANG_WARN_UNREACHABLE_CODE = YES;
				CLANG_WARN__DUPLICATE_METHOD_MATCH = YES;
				COPY_PHASE_STRIP = NO;
				DEBUG_INFORMATION_FORMAT = "dwarf-with-dsym";
				ENABLE_NS_ASSERTIONS = NO;
				ENABLE_STRICT_OBJC_MSGSEND = YES;
				GCC_C_LANGUAGE_STANDARD = gnu11;
				GCC_NO_COMMON_BLOCKS = YES;
				GCC_WARN_64_TO_32_BIT_CONVERSION = YES;
				GCC_WARN_ABOUT_RETURN_TYPE = YES_ERROR;
				GCC_WARN_UNDECLARED_SELECTOR = YES;
				GCC_WARN_UNINITIALIZED_AUTOS = YES_AGGRESSIVE;
				GCC_WARN_UNUSED_FUNCTION = YES;
				GCC_WARN_UNUSED_VARIABLE = YES;
				IPHONEOS_DEPLOYMENT_TARGET = 13.2;
				MTL_ENABLE_DEBUG_INFO = NO;
				MTL_FAST_MATH = YES;
				SDKROOT = iphoneos;
				SWIFT_COMPILATION_MODE = wholemodule;
				SWIFT_OPTIMIZATION_LEVEL = "-O";
				VALIDATE_PRODUCT = YES;
			};
			name = Release;
		};
		E5F0CAC623E2A7E3004738D3 /* Debug */ = {
			isa = XCBuildConfiguration;
			baseConfigurationReference = 098DB66174BB59E97D0DF533 /* Pods-ReduxExample.debug.xcconfig */;
			buildSettings = {
				ASSETCATALOG_COMPILER_APPICON_NAME = AppIcon;
				CODE_SIGN_STYLE = Automatic;
				DEVELOPMENT_ASSET_PATHS = "\"ReduxExample/Preview Content\"";
				ENABLE_PREVIEWS = YES;
				INFOPLIST_FILE = ReduxExample/Info.plist;
				LD_RUNPATH_SEARCH_PATHS = (
					"$(inherited)",
					"@executable_path/Frameworks",
				);
				PRODUCT_BUNDLE_IDENTIFIER = com.tokopedia.ReduxExample;
				PRODUCT_NAME = "$(TARGET_NAME)";
				SWIFT_VERSION = 5.0;
				TARGETED_DEVICE_FAMILY = "1,2";
			};
			name = Debug;
		};
		E5F0CAC723E2A7E3004738D3 /* Release */ = {
			isa = XCBuildConfiguration;
			baseConfigurationReference = EBFA7440E09D72A5D739D565 /* Pods-ReduxExample.release.xcconfig */;
			buildSettings = {
				ASSETCATALOG_COMPILER_APPICON_NAME = AppIcon;
				CODE_SIGN_STYLE = Automatic;
				DEVELOPMENT_ASSET_PATHS = "\"ReduxExample/Preview Content\"";
				ENABLE_PREVIEWS = YES;
				INFOPLIST_FILE = ReduxExample/Info.plist;
				LD_RUNPATH_SEARCH_PATHS = (
					"$(inherited)",
					"@executable_path/Frameworks",
				);
				PRODUCT_BUNDLE_IDENTIFIER = com.tokopedia.ReduxExample;
				PRODUCT_NAME = "$(TARGET_NAME)";
				SWIFT_VERSION = 5.0;
				TARGETED_DEVICE_FAMILY = "1,2";
			};
			name = Release;
		};
		E5F0CAC923E2A7E3004738D3 /* Debug */ = {
			isa = XCBuildConfiguration;
			baseConfigurationReference = 01776984BDECE16D69BDAB93 /* Pods-ReduxExampleTests.debug.xcconfig */;
			buildSettings = {
				ALWAYS_EMBED_SWIFT_STANDARD_LIBRARIES = YES;
				BUNDLE_LOADER = "$(TEST_HOST)";
				CODE_SIGN_STYLE = Automatic;
				INFOPLIST_FILE = ReduxExampleTests/Info.plist;
				IPHONEOS_DEPLOYMENT_TARGET = 13.2;
				LD_RUNPATH_SEARCH_PATHS = (
					"$(inherited)",
					"@executable_path/Frameworks",
					"@loader_path/Frameworks",
				);
				PRODUCT_BUNDLE_IDENTIFIER = com.tokopedia.ReduxExampleTests;
				PRODUCT_NAME = "$(TARGET_NAME)";
				SWIFT_VERSION = 5.0;
				TARGETED_DEVICE_FAMILY = "1,2";
				TEST_HOST = "$(BUILT_PRODUCTS_DIR)/ReduxExample.app/ReduxExample";
			};
			name = Debug;
		};
		E5F0CACA23E2A7E3004738D3 /* Release */ = {
			isa = XCBuildConfiguration;
			baseConfigurationReference = 512F8D747857752805A4D443 /* Pods-ReduxExampleTests.release.xcconfig */;
			buildSettings = {
				ALWAYS_EMBED_SWIFT_STANDARD_LIBRARIES = YES;
				BUNDLE_LOADER = "$(TEST_HOST)";
				CODE_SIGN_STYLE = Automatic;
				INFOPLIST_FILE = ReduxExampleTests/Info.plist;
				IPHONEOS_DEPLOYMENT_TARGET = 13.2;
				LD_RUNPATH_SEARCH_PATHS = (
					"$(inherited)",
					"@executable_path/Frameworks",
					"@loader_path/Frameworks",
				);
				PRODUCT_BUNDLE_IDENTIFIER = com.tokopedia.ReduxExampleTests;
				PRODUCT_NAME = "$(TARGET_NAME)";
				SWIFT_VERSION = 5.0;
				TARGETED_DEVICE_FAMILY = "1,2";
				TEST_HOST = "$(BUILT_PRODUCTS_DIR)/ReduxExample.app/ReduxExample";
			};
			name = Release;
		};
/* End XCBuildConfiguration section */

/* Begin XCConfigurationList section */
		E5F0CAA123E2A7E2004738D3 /* Build configuration list for PBXProject "ReduxExample" */ = {
			isa = XCConfigurationList;
			buildConfigurations = (
				E5F0CAC323E2A7E3004738D3 /* Debug */,
				E5F0CAC423E2A7E3004738D3 /* Release */,
			);
			defaultConfigurationIsVisible = 0;
			defaultConfigurationName = Release;
		};
		E5F0CAC523E2A7E3004738D3 /* Build configuration list for PBXNativeTarget "ReduxExample" */ = {
			isa = XCConfigurationList;
			buildConfigurations = (
				E5F0CAC623E2A7E3004738D3 /* Debug */,
				E5F0CAC723E2A7E3004738D3 /* Release */,
			);
			defaultConfigurationIsVisible = 0;
			defaultConfigurationName = Release;
		};
		E5F0CAC823E2A7E3004738D3 /* Build configuration list for PBXNativeTarget "ReduxExampleTests" */ = {
			isa = XCConfigurationList;
			buildConfigurations = (
				E5F0CAC923E2A7E3004738D3 /* Debug */,
				E5F0CACA23E2A7E3004738D3 /* Release */,
			);
			defaultConfigurationIsVisible = 0;
			defaultConfigurationName = Release;
		};
/* End XCConfigurationList section */
	};
	rootObject = E5F0CA9E23E2A7E2004738D3 /* Project object */;
}
